# This file is automatically @generated by Cargo.
# It is not intended for manual editing.
version = 3

[[package]]
name = "sample_n_sub_packages"
version = "0.1.0"
dependencies = [
 "subpackage1",
 "subpackage2",
]

[[package]]
name = "subpackage1"
version = "0.1.0"

[[package]]
name = "subpackage2"
version = "0.1.0"
