# This file is automatically @generated by Cargo.
# It is not intended for manual editing.
version = 3

[[package]]
name = "package_1_binary"
version = "0.1.0"
dependencies = [
 "package_3_library",
]

[[package]]
name = "package_2_binary"
version = "0.1.0"
dependencies = [
 "package_3_library",
]

[[package]]
name = "package_3_library"
version = "0.1.0"
